
Microsoft Visual Studio Solution File, Format Version 12.00
# Visual Studio Version 17
VisualStudioVersion = 17.9.34616.47
MinimumVisualStudioVersion = 10.0.40219.1
Project("{9A19103F-16F7-4668-BE54-9A1E7A4F7556}") = "DataAccess", "DataAccess\DataAccess.csproj", "{0D40BC79-D685-4B49-8B18-383EC9A2218C}"
EndProject
Project("{9A19103F-16F7-4668-BE54-9A1E7A4F7556}") = "Business", "Business\Business.csproj", "{363BD727-5412-4CD8-B7A0-4260DF3FD49E}"
EndProject
Project("{9A19103F-16F7-4668-BE54-9A1E7A4F7556}") = "Entities", "Entities\Entities.csproj", "{9573352F-AE94-45B2-9301-5B0A0DA15E34}"
EndProject
Project("{9A19103F-16F7-4668-BE54-9A1E7A4F7556}") = "ConsoleUI", "ConsoleUI\ConsoleUI.csproj", "{8243B182-C4FA-4FF3-B9EA-0E6FB30BCFC9}"
EndProject
Project("{9A19103F-16F7-4668-BE54-9A1E7A4F7556}") = "Core", "Core\Core.csproj", "{C42B0C98-5AAC-4CED-9326-788B3CD9C217}"
EndProject
Project("{FAE04EC0-301F-11D3-BF4B-00C04F79EFBC}") = "WebAPI", "WebAPI\WebAPI.csproj", "{DCD16D69-8688-46ED-A046-F7353AD509DE}"
EndProject
Global
	GlobalSection(SolutionConfigurationPlatforms) = preSolution
		Debug|Any CPU = Debug|Any CPU
		Release|Any CPU = Release|Any CPU
	EndGlobalSection
	GlobalSection(ProjectConfigurationPlatforms) = postSolution
		{0D40BC79-D685-4B49-8B18-383EC9A2218C}.Debug|Any CPU.ActiveCfg = Debug|Any CPU
		{0D40BC79-D685-4B49-8B18-383EC9A2218C}.Debug|Any CPU.Build.0 = Debug|Any CPU
		{0D40BC79-D685-4B49-8B18-383EC9A2218C}.Release|Any CPU.ActiveCfg = Release|Any CPU
		{0D40BC79-D685-4B49-8B18-383EC9A2218C}.Release|Any CPU.Build.0 = Release|Any CPU
		{363BD727-5412-4CD8-B7A0-4260DF3FD49E}.Debug|Any CPU.ActiveCfg = Debug|Any CPU
		{363BD727-5412-4CD8-B7A0-4260DF3FD49E}.Debug|Any CPU.Build.0 = Debug|Any CPU
		{363BD727-5412-4CD8-B7A0-4260DF3FD49E}.Release|Any CPU.ActiveCfg = Release|Any CPU
		{363BD727-5412-4CD8-B7A0-4260DF3FD49E}.Release|Any CPU.Build.0 = Release|Any CPU
		{9573352F-AE94-45B2-9301-5B0A0DA15E34}.Debug|Any CPU.ActiveCfg = Debug|Any CPU
		{9573352F-AE94-45B2-9301-5B0A0DA15E34}.Debug|Any CPU.Build.0 = Debug|Any CPU
		{9573352F-AE94-45B2-9301-5B0A0DA15E34}.Release|Any CPU.ActiveCfg = Release|Any CPU
		{9573352F-AE94-45B2-9301-5B0A0DA15E34}.Release|Any CPU.Build.0 = Release|Any CPU
		{8243B182-C4FA-4FF3-B9EA-0E6FB30BCFC9}.Debug|Any CPU.ActiveCfg = Debug|Any CPU
		{8243B182-C4FA-4FF3-B9EA-0E6FB30BCFC9}.Debug|Any CPU.Build.0 = Debug|Any CPU
		{8243B182-C4FA-4FF3-B9EA-0E6FB30BCFC9}.Release|Any CPU.ActiveCfg = Release|Any CPU
		{8243B182-C4FA-4FF3-B9EA-0E6FB30BCFC9}.Release|Any CPU.Build.0 = Release|Any CPU
		{C42B0C98-5AAC-4CED-9326-788B3CD9C217}.Debug|Any CPU.ActiveCfg = Debug|Any CPU
		{C42B0C98-5AAC-4CED-9326-788B3CD9C217}.Debug|Any CPU.Build.0 = Debug|Any CPU
		{C42B0C98-5AAC-4CED-9326-788B3CD9C217}.Release|Any CPU.ActiveCfg = Release|Any CPU
		{C42B0C98-5AAC-4CED-9326-788B3CD9C217}.Release|Any CPU.Build.0 = Release|Any CPU
		{DCD16D69-8688-46ED-A046-F7353AD509DE}.Debug|Any CPU.ActiveCfg = Debug|Any CPU
		{DCD16D69-8688-46ED-A046-F7353AD509DE}.Debug|Any CPU.Build.0 = Debug|Any CPU
		{DCD16D69-8688-46ED-A046-F7353AD509DE}.Release|Any CPU.ActiveCfg = Release|Any CPU
		{DCD16D69-8688-46ED-A046-F7353AD509DE}.Release|Any CPU.Build.0 = Release|Any CPU
	EndGlobalSection
	GlobalSection(SolutionProperties) = preSolution
		HideSolutionNode = FALSE
	EndGlobalSection
	GlobalSection(ExtensibilityGlobals) = postSolution
		SolutionGuid = {95212D56-3BBE-4E40-9945-09B9E81073CB}
	EndGlobalSection
EndGlobal
